
Microsoft Visual Studio Solution File, Format Version 12.00
# Visual Studio Version 16
VisualStudioVersion = 16.0.30413.136
MinimumVisualStudioVersion = 10.0.40219.1
Project("{8BC9CEB8-8B4A-11D0-8D11-00A0C91BC942}") = "SYDEEngine", "DrawableConsole\DrawableConsole.vcxproj", "{BE11616C-7124-40EE-8D7A-2F2056BEE0C9}"
EndProject
Project("{2150E333-8FDC-42A3-9474-1A3956D46DE8}") = "Solution Files", "Solution Files", "{F0BD4FDB-ED49-4B40-BFE6-A09291D90D8B}"
	ProjectSection(SolutionItems) = preProject
		Readme.md = Readme.md
		SYDERugbyLeagueReadme.md = SYDERugbyLeagueReadme.md
	EndProjectSection
EndProject
Project("{8BC9CEB8-8B4A-11D0-8D11-00A0C91BC942}") = "SYDE_Connections", "SYDE_Connections\SYDE_Connections.vcxproj", "{A0E2B7DC-E644-408D-86FC-432EF4F8797F}"
EndProject
Project("{8BC9CEB8-8B4A-11D0-8D11-00A0C91BC942}") = "SYDEEngine_ApplicationDemo", "SYDEEngine_ApplicationDemo\SYDEEngine_ApplicationDemo.vcxproj", "{8C1C0FF7-8CD0-4594-B442-2218FD9CA94A}"
	ProjectSection(ProjectDependencies) = postProject
		{BE11616C-7124-40EE-8D7A-2F2056BEE0C9} = {BE11616C-7124-40EE-8D7A-2F2056BEE0C9}
	EndProjectSection
EndProject
Project("{8BC9CEB8-8B4A-11D0-8D11-00A0C91BC942}") = "SYDEPlatformerDemo", "SYDEPlatformerDemo\SYDEPlatformerDemo.vcxproj", "{1A0E76ED-C3D2-477E-A42A-AA17EA66F689}"
EndProject
Project("{8BC9CEB8-8B4A-11D0-8D11-00A0C91BC942}") = "SYDESoundDemo", "SYDESoundDemo\SYDESoundDemo.vcxproj", "{4D5CBD66-8418-4A05-A190-1FDFEAB0DCCE}"
EndProject
Project("{8BC9CEB8-8B4A-11D0-8D11-00A0C91BC942}") = "SYDERugbyLeague", "SYDERugbyLeague\SYDERugbyLeague.vcxproj", "{56B84B32-352C-418D-9B57-79181DE24655}"
EndProject
Project("{9A19103F-16F7-4668-BE54-9A1E7A4F7556}") = "SYDERugbyLeagueSeasonViewer", "SYDERugbyLeagueSeasonViewer\SYDERugbyLeagueSeasonViewer.csproj", "{0A958BF8-E07B-4A6A-890C-BA6DB4BBCCC8}"
EndProject
Project("{8BC9CEB8-8B4A-11D0-8D11-00A0C91BC942}") = "SYDESurvivalIsland", "SYDESurvivalIsland\SYDESurvivalIsland.vcxproj", "{4C2B2FF3-246D-46D7-ACC0-31098A94691F}"
EndProject
Project("{8BC9CEB8-8B4A-11D0-8D11-00A0C91BC942}") = "SYDEEngineTests", "SYDEEngineTests\SYDEEngineTests.vcxproj", "{D108377C-1570-4788-9872-6E4B5E50EBE5}"
EndProject
Project("{2150E333-8FDC-42A3-9474-1A3956D46DE8}") = "Solution Items", "Solution Items", "{811AF076-62B2-4E5C-8DCE-DDEDA35514EE}"
EndProject
Project("{8BC9CEB8-8B4A-11D0-8D11-00A0C91BC942}") = "SYDEQuest_Game", "SYDEQuest_Game\SYDEQuest_Game.vcxproj", "{96793F03-5DAF-4D20-BFDE-3D89B1079CD6}"
EndProject
Global
	GlobalSection(SolutionConfigurationPlatforms) = preSolution
		Debug|Any CPU = Debug|Any CPU
		Debug|x64 = Debug|x64
		Debug|x86 = Debug|x86
		Release|Any CPU = Release|Any CPU
		Release|x64 = Release|x64
		Release|x86 = Release|x86
	EndGlobalSection
	GlobalSection(ProjectConfigurationPlatforms) = postSolution
		{BE11616C-7124-40EE-8D7A-2F2056BEE0C9}.Debug|Any CPU.ActiveCfg = Debug|Win32
		{BE11616C-7124-40EE-8D7A-2F2056BEE0C9}.Debug|x64.ActiveCfg = Debug|x64
		{BE11616C-7124-40EE-8D7A-2F2056BEE0C9}.Debug|x64.Build.0 = Debug|x64
		{BE11616C-7124-40EE-8D7A-2F2056BEE0C9}.Debug|x86.ActiveCfg = Debug|Win32
		{BE11616C-7124-40EE-8D7A-2F2056BEE0C9}.Debug|x86.Build.0 = Debug|Win32
		{BE11616C-7124-40EE-8D7A-2F2056BEE0C9}.Release|Any CPU.ActiveCfg = Release|Win32
		{BE11616C-7124-40EE-8D7A-2F2056BEE0C9}.Release|x64.ActiveCfg = Release|x64
		{BE11616C-7124-40EE-8D7A-2F2056BEE0C9}.Release|x64.Build.0 = Release|x64
		{BE11616C-7124-40EE-8D7A-2F2056BEE0C9}.Release|x86.ActiveCfg = Release|Win32
		{BE11616C-7124-40EE-8D7A-2F2056BEE0C9}.Release|x86.Build.0 = Release|Win32
		{A0E2B7DC-E644-408D-86FC-432EF4F8797F}.Debug|Any CPU.ActiveCfg = Debug|Win32
		{A0E2B7DC-E644-408D-86FC-432EF4F8797F}.Debug|x64.ActiveCfg = Debug|x64
		{A0E2B7DC-E644-408D-86FC-432EF4F8797F}.Debug|x64.Build.0 = Debug|x64
		{A0E2B7DC-E644-408D-86FC-432EF4F8797F}.Debug|x86.ActiveCfg = Debug|Win32
		{A0E2B7DC-E644-408D-86FC-432EF4F8797F}.Debug|x86.Build.0 = Debug|Win32
		{A0E2B7DC-E644-408D-86FC-432EF4F8797F}.Release|Any CPU.ActiveCfg = Release|Win32
		{A0E2B7DC-E644-408D-86FC-432EF4F8797F}.Release|x64.ActiveCfg = Release|x64
		{A0E2B7DC-E644-408D-86FC-432EF4F8797F}.Release|x64.Build.0 = Release|x64
		{A0E2B7DC-E644-408D-86FC-432EF4F8797F}.Release|x86.ActiveCfg = Release|Win32
		{A0E2B7DC-E644-408D-86FC-432EF4F8797F}.Release|x86.Build.0 = Release|Win32
		{8C1C0FF7-8CD0-4594-B442-2218FD9CA94A}.Debug|Any CPU.ActiveCfg = Debug|Win32
		{8C1C0FF7-8CD0-4594-B442-2218FD9CA94A}.Debug|x64.ActiveCfg = Debug|x64
		{8C1C0FF7-8CD0-4594-B442-2218FD9CA94A}.Debug|x64.Build.0 = Debug|x64
		{8C1C0FF7-8CD0-4594-B442-2218FD9CA94A}.Debug|x86.ActiveCfg = Debug|Win32
		{8C1C0FF7-8CD0-4594-B442-2218FD9CA94A}.Debug|x86.Build.0 = Debug|Win32
		{8C1C0FF7-8CD0-4594-B442-2218FD9CA94A}.Release|Any CPU.ActiveCfg = Release|Win32
		{8C1C0FF7-8CD0-4594-B442-2218FD9CA94A}.Release|x64.ActiveCfg = Release|x64
		{8C1C0FF7-8CD0-4594-B442-2218FD9CA94A}.Release|x64.Build.0 = Release|x64
		{8C1C0FF7-8CD0-4594-B442-2218FD9CA94A}.Release|x86.ActiveCfg = Release|Win32
		{8C1C0FF7-8CD0-4594-B442-2218FD9CA94A}.Release|x86.Build.0 = Release|Win32
		{1A0E76ED-C3D2-477E-A42A-AA17EA66F689}.Debug|Any CPU.ActiveCfg = Debug|Win32
		{1A0E76ED-C3D2-477E-A42A-AA17EA66F689}.Debug|x64.ActiveCfg = Debug|x64
		{1A0E76ED-C3D2-477E-A42A-AA17EA66F689}.Debug|x64.Build.0 = Debug|x64
		{1A0E76ED-C3D2-477E-A42A-AA17EA66F689}.Debug|x86.ActiveCfg = Debug|Win32
		{1A0E76ED-C3D2-477E-A42A-AA17EA66F689}.Debug|x86.Build.0 = Debug|Win32
		{1A0E76ED-C3D2-477E-A42A-AA17EA66F689}.Release|Any CPU.ActiveCfg = Release|Win32
		{1A0E76ED-C3D2-477E-A42A-AA17EA66F689}.Release|x64.ActiveCfg = Release|x64
		{1A0E76ED-C3D2-477E-A42A-AA17EA66F689}.Release|x64.Build.0 = Release|x64
		{1A0E76ED-C3D2-477E-A42A-AA17EA66F689}.Release|x86.ActiveCfg = Release|Win32
		{1A0E76ED-C3D2-477E-A42A-AA17EA66F689}.Release|x86.Build.0 = Release|Win32
		{4D5CBD66-8418-4A05-A190-1FDFEAB0DCCE}.Debug|Any CPU.ActiveCfg = Debug|Win32
		{4D5CBD66-8418-4A05-A190-1FDFEAB0DCCE}.Debug|x64.ActiveCfg = Debug|x64
		{4D5CBD66-8418-4A05-A190-1FDFEAB0DCCE}.Debug|x64.Build.0 = Debug|x64
		{4D5CBD66-8418-4A05-A190-1FDFEAB0DCCE}.Debug|x86.ActiveCfg = Debug|Win32
		{4D5CBD66-8418-4A05-A190-1FDFEAB0DCCE}.Debug|x86.Build.0 = Debug|Win32
		{4D5CBD66-8418-4A05-A190-1FDFEAB0DCCE}.Release|Any CPU.ActiveCfg = Release|Win32
		{4D5CBD66-8418-4A05-A190-1FDFEAB0DCCE}.Release|x64.ActiveCfg = Release|x64
		{4D5CBD66-8418-4A05-A190-1FDFEAB0DCCE}.Release|x64.Build.0 = Release|x64
		{4D5CBD66-8418-4A05-A190-1FDFEAB0DCCE}.Release|x86.ActiveCfg = Release|Win32
		{4D5CBD66-8418-4A05-A190-1FDFEAB0DCCE}.Release|x86.Build.0 = Release|Win32
		{56B84B32-352C-418D-9B57-79181DE24655}.Debug|Any CPU.ActiveCfg = Debug|Win32
		{56B84B32-352C-418D-9B57-79181DE24655}.Debug|x64.ActiveCfg = Debug|x64
		{56B84B32-352C-418D-9B57-79181DE24655}.Debug|x64.Build.0 = Debug|x64
		{56B84B32-352C-418D-9B57-79181DE24655}.Debug|x86.ActiveCfg = Debug|Win32
		{56B84B32-352C-418D-9B57-79181DE24655}.Debug|x86.Build.0 = Debug|Win32
		{56B84B32-352C-418D-9B57-79181DE24655}.Release|Any CPU.ActiveCfg = Release|Win32
		{56B84B32-352C-418D-9B57-79181DE24655}.Release|x64.ActiveCfg = Release|x64
		{56B84B32-352C-418D-9B57-79181DE24655}.Release|x64.Build.0 = Release|x64
		{56B84B32-352C-418D-9B57-79181DE24655}.Release|x86.ActiveCfg = Release|Win32
		{56B84B32-352C-418D-9B57-79181DE24655}.Release|x86.Build.0 = Release|Win32
		{0A958BF8-E07B-4A6A-890C-BA6DB4BBCCC8}.Debug|Any CPU.ActiveCfg = Debug|Any CPU
		{0A958BF8-E07B-4A6A-890C-BA6DB4BBCCC8}.Debug|Any CPU.Build.0 = Debug|Any CPU
		{0A958BF8-E07B-4A6A-890C-BA6DB4BBCCC8}.Debug|x64.ActiveCfg = Debug|Any CPU
		{0A958BF8-E07B-4A6A-890C-BA6DB4BBCCC8}.Debug|x64.Build.0 = Debug|Any CPU
		{0A958BF8-E07B-4A6A-890C-BA6DB4BBCCC8}.Debug|x86.ActiveCfg = Debug|Any CPU
		{0A958BF8-E07B-4A6A-890C-BA6DB4BBCCC8}.Debug|x86.Build.0 = Debug|Any CPU
		{0A958BF8-E07B-4A6A-890C-BA6DB4BBCCC8}.Release|Any CPU.ActiveCfg = Release|Any CPU
		{0A958BF8-E07B-4A6A-890C-BA6DB4BBCCC8}.Release|Any CPU.Build.0 = Release|Any CPU
		{0A958BF8-E07B-4A6A-890C-BA6DB4BBCCC8}.Release|x64.ActiveCfg = Release|Any CPU
		{0A958BF8-E07B-4A6A-890C-BA6DB4BBCCC8}.Release|x64.Build.0 = Release|Any CPU
		{0A958BF8-E07B-4A6A-890C-BA6DB4BBCCC8}.Release|x86.ActiveCfg = Release|Any CPU
		{0A958BF8-E07B-4A6A-890C-BA6DB4BBCCC8}.Release|x86.Build.0 = Release|Any CPU
		{4C2B2FF3-246D-46D7-ACC0-31098A94691F}.Debug|Any CPU.ActiveCfg = Debug|Win32
		{4C2B2FF3-246D-46D7-ACC0-31098A94691F}.Debug|x64.ActiveCfg = Debug|x64
		{4C2B2FF3-246D-46D7-ACC0-31098A94691F}.Debug|x64.Build.0 = Debug|x64
		{4C2B2FF3-246D-46D7-ACC0-31098A94691F}.Debug|x86.ActiveCfg = Debug|Win32
		{4C2B2FF3-246D-46D7-ACC0-31098A94691F}.Debug|x86.Build.0 = Debug|Win32
		{4C2B2FF3-246D-46D7-ACC0-31098A94691F}.Release|Any CPU.ActiveCfg = Release|Win32
		{4C2B2FF3-246D-46D7-ACC0-31098A94691F}.Release|x64.ActiveCfg = Release|x64
		{4C2B2FF3-246D-46D7-ACC0-31098A94691F}.Release|x64.Build.0 = Release|x64
		{4C2B2FF3-246D-46D7-ACC0-31098A94691F}.Release|x86.ActiveCfg = Release|Win32
		{4C2B2FF3-246D-46D7-ACC0-31098A94691F}.Release|x86.Build.0 = Release|Win32
		{D108377C-1570-4788-9872-6E4B5E50EBE5}.Debug|Any CPU.ActiveCfg = Debug|Win32
		{D108377C-1570-4788-9872-6E4B5E50EBE5}.Debug|x64.ActiveCfg = Debug|x64
		{D108377C-1570-4788-9872-6E4B5E50EBE5}.Debug|x64.Build.0 = Debug|x64
		{D108377C-1570-4788-9872-6E4B5E50EBE5}.Debug|x86.ActiveCfg = Debug|Win32
		{D108377C-1570-4788-9872-6E4B5E50EBE5}.Debug|x86.Build.0 = Debug|Win32
		{D108377C-1570-4788-9872-6E4B5E50EBE5}.Release|Any CPU.ActiveCfg = Release|Win32
		{D108377C-1570-4788-9872-6E4B5E50EBE5}.Release|x64.ActiveCfg = Release|x64
		{D108377C-1570-4788-9872-6E4B5E50EBE5}.Release|x64.Build.0 = Release|x64
		{D108377C-1570-4788-9872-6E4B5E50EBE5}.Release|x86.ActiveCfg = Release|Win32
		{D108377C-1570-4788-9872-6E4B5E50EBE5}.Release|x86.Build.0 = Release|Win32
		{96793F03-5DAF-4D20-BFDE-3D89B1079CD6}.Debug|Any CPU.ActiveCfg = Debug|Win32
		{96793F03-5DAF-4D20-BFDE-3D89B1079CD6}.Debug|x64.ActiveCfg = Debug|x64
		{96793F03-5DAF-4D20-BFDE-3D89B1079CD6}.Debug|x64.Build.0 = Debug|x64
		{96793F03-5DAF-4D20-BFDE-3D89B1079CD6}.Debug|x86.ActiveCfg = Debug|Win32
		{96793F03-5DAF-4D20-BFDE-3D89B1079CD6}.Debug|x86.Build.0 = Debug|Win32
		{96793F03-5DAF-4D20-BFDE-3D89B1079CD6}.Release|Any CPU.ActiveCfg = Release|Win32
		{96793F03-5DAF-4D20-BFDE-3D89B1079CD6}.Release|x64.ActiveCfg = Release|x64
		{96793F03-5DAF-4D20-BFDE-3D89B1079CD6}.Release|x64.Build.0 = Release|x64
		{96793F03-5DAF-4D20-BFDE-3D89B1079CD6}.Release|x86.ActiveCfg = Release|Win32
		{96793F03-5DAF-4D20-BFDE-3D89B1079CD6}.Release|x86.Build.0 = Release|Win32
	EndGlobalSection
	GlobalSection(SolutionProperties) = preSolution
		HideSolutionNode = FALSE
	EndGlobalSection
	GlobalSection(ExtensibilityGlobals) = postSolution
		SolutionGuid = {23D7DAB5-0C9F-49C1-A8EF-C04FA575AAC6}
	EndGlobalSection
EndGlobal
